// !$*UTF8*$!
{
	archiveVersion = 1;
	classes = {
	};
	objectVersion = 56;
	objects = {

/* Begin PBXBuildFile section */
		4B5EC7502BD655260059E51E /* TCA_DemoApp.swift in Sources */ = {isa = PBXBuildFile; fileRef = 4B5EC74F2BD655260059E51E /* TCA_DemoApp.swift */; };
		4B5EC7522BD655260059E51E /* ContentView.swift in Sources */ = {isa = PBXBuildFile; fileRef = 4B5EC7512BD655260059E51E /* ContentView.swift */; };
		4B5EC7542BD6552A0059E51E /* Assets.xcassets in Resources */ = {isa = PBXBuildFile; fileRef = 4B5EC7532BD6552A0059E51E /* Assets.xcassets */; };
		4B5EC7572BD6552A0059E51E /* Preview Assets.xcassets in Resources */ = {isa = PBXBuildFile; fileRef = 4B5EC7562BD6552A0059E51E /* Preview Assets.xcassets */; };
		4B5EC7612BD6552A0059E51E /* TCA_DemoTests.swift in Sources */ = {isa = PBXBuildFile; fileRef = 4B5EC7602BD6552A0059E51E /* TCA_DemoTests.swift */; };
		4B5EC76B2BD6552B0059E51E /* TCA_DemoUITests.swift in Sources */ = {isa = PBXBuildFile; fileRef = 4B5EC76A2BD6552B0059E51E /* TCA_DemoUITests.swift */; };
		4B5EC76D2BD6552B0059E51E /* TCA_DemoUITestsLaunchTests.swift in Sources */ = {isa = PBXBuildFile; fileRef = 4B5EC76C2BD6552B0059E51E /* TCA_DemoUITestsLaunchTests.swift */; };
/* End PBXBuildFile section */

/* Begin PBXContainerItemProxy section */
		4B5EC75D2BD6552A0059E51E /* PBXContainerItemProxy */ = {
			isa = PBXContainerItemProxy;
			containerPortal = 4B5EC7442BD655260059E51E /* Project object */;
			proxyType = 1;
			remoteGlobalIDString = 4B5EC74B2BD655260059E51E;
			remoteInfo = "TCA-Demo";
		};
		4B5EC7672BD6552B0059E51E /* PBXContainerItemProxy */ = {
			isa = PBXContainerItemProxy;
			containerPortal = 4B5EC7442BD655260059E51E /* Project object */;
			proxyType = 1;
			remoteGlobalIDString = 4B5EC74B2BD655260059E51E;
			remoteInfo = "TCA-Demo";
		};
/* End PBXContainerItemProxy section */

/* Begin PBXFileReference section */
		4B5EC74C2BD655260059E51E /* TCA-Demo.app */ = {isa = PBXFileReference; explicitFileType = wrapper.application; includeInIndex = 0; path = "TCA-Demo.app"; sourceTree = BUILT_PRODUCTS_DIR; };
		4B5EC74F2BD655260059E51E /* TCA_DemoApp.swift */ = {isa = PBXFileReference; lastKnownFileType = sourcecode.swift; path = TCA_DemoApp.swift; sourceTree = "<group>"; };
		4B5EC7512BD655260059E51E /* ContentView.swift */ = {isa = PBXFileReference; lastKnownFileType = sourcecode.swift; path = ContentView.swift; sourceTree = "<group>"; };
		4B5EC7532BD6552A0059E51E /* Assets.xcassets */ = {isa = PBXFileReference; lastKnownFileType = folder.assetcatalog; path = Assets.xcassets; sourceTree = "<group>"; };
		4B5EC7562BD6552A0059E51E /* Preview Assets.xcassets */ = {isa = PBXFileReference; lastKnownFileType = folder.assetcatalog; path = "Preview Assets.xcassets"; sourceTree = "<group>"; };
		4B5EC75C2BD6552A0059E51E /* TCA-DemoTests.xctest */ = {isa = PBXFileReference; explicitFileType = wrapper.cfbundle; includeInIndex = 0; path = "TCA-DemoTests.xctest"; sourceTree = BUILT_PRODUCTS_DIR; };
		4B5EC7602BD6552A0059E51E /* TCA_DemoTests.swift */ = {isa = PBXFileReference; lastKnownFileType = sourcecode.swift; path = TCA_DemoTests.swift; sourceTree = "<group>"; };
		4B5EC7662BD6552B0059E51E /* TCA-DemoUITests.xctest */ = {isa = PBXFileReference; explicitFileType = wrapper.cfbundle; includeInIndex = 0; path = "TCA-DemoUITests.xctest"; sourceTree = BUILT_PRODUCTS_DIR; };
		4B5EC76A2BD6552B0059E51E /* TCA_DemoUITests.swift */ = {isa = PBXFileReference; lastKnownFileType = sourcecode.swift; path = TCA_DemoUITests.swift; sourceTree = "<group>"; };
		4B5EC76C2BD6552B0059E51E /* TCA_DemoUITestsLaunchTests.swift */ = {isa = PBXFileReference; lastKnownFileType = sourcecode.swift; path = TCA_DemoUITestsLaunchTests.swift; sourceTree = "<group>"; };
/* End PBXFileReference section */

/* Begin PBXFrameworksBuildPhase section */
		4B5EC7492BD655260059E51E /* Frameworks */ = {
			isa = PBXFrameworksBuildPhase;
			buildActionMask = 2147483647;
			files = (
			);
			runOnlyForDeploymentPostprocessing = 0;
		};
		4B5EC7592BD6552A0059E51E /* Frameworks */ = {
			isa = PBXFrameworksBuildPhase;
			buildActionMask = 2147483647;
			files = (
			);
			runOnlyForDeploymentPostprocessing = 0;
		};
		4B5EC7632BD6552B0059E51E /* Frameworks */ = {
			isa = PBXFrameworksBuildPhase;
			buildActionMask = 2147483647;
			files = (
			);
			runOnlyForDeploymentPostprocessing = 0;
		};
/* End PBXFrameworksBuildPhase section */

/* Begin PBXGroup section */
		4B5EC7432BD655260059E51E = {
			isa = PBXGroup;
			children = (
				4B5EC74E2BD655260059E51E /* TCA-Demo */,
				4B5EC75F2BD6552A0059E51E /* TCA-DemoTests */,
				4B5EC7692BD6552B0059E51E /* TCA-DemoUITests */,
				4B5EC74D2BD655260059E51E /* Products */,
			);
			sourceTree = "<group>";
		};
		4B5EC74D2BD655260059E51E /* Products */ = {
			isa = PBXGroup;
			children = (
				4B5EC74C2BD655260059E51E /* TCA-Demo.app */,
				4B5EC75C2BD6552A0059E51E /* TCA-DemoTests.xctest */,
				4B5EC7662BD6552B0059E51E /* TCA-DemoUITests.xctest */,
			);
			name = Products;
			sourceTree = "<group>";
		};
		4B5EC74E2BD655260059E51E /* TCA-Demo */ = {
			isa = PBXGroup;
			children = (
				4B5EC74F2BD655260059E51E /* TCA_DemoApp.swift */,
				4B5EC7512BD655260059E51E /* ContentView.swift */,
				4B5EC7532BD6552A0059E51E /* Assets.xcassets */,
				4B5EC7552BD6552A0059E51E /* Preview Content */,
			);
			path = "TCA-Demo";
			sourceTree = "<group>";
		};
		4B5EC7552BD6552A0059E51E /* Preview Content */ = {
			isa = PBXGroup;
			children = (
				4B5EC7562BD6552A0059E51E /* Preview Assets.xcassets */,
			);
			path = "Preview Content";
			sourceTree = "<group>";
		};
		4B5EC75F2BD6552A0059E51E /* TCA-DemoTests */ = {
			isa = PBXGroup;
			children = (
				4B5EC7602BD6552A0059E51E /* TCA_DemoTests.swift */,
			);
			path = "TCA-DemoTests";
			sourceTree = "<group>";
		};
		4B5EC7692BD6552B0059E51E /* TCA-DemoUITests */ = {
			isa = PBXGroup;
			children = (
				4B5EC76A2BD6552B0059E51E /* TCA_DemoUITests.swift */,
				4B5EC76C2BD6552B0059E51E /* TCA_DemoUITestsLaunchTests.swift */,
			);
			path = "TCA-DemoUITests";
			sourceTree = "<group>";
		};
/* End PBXGroup section */

/* Begin PBXNativeTarget section */
		4B5EC74B2BD655260059E51E /* TCA-Demo */ = {
			isa = PBXNativeTarget;
			buildConfigurationList = 4B5EC7702BD6552B0059E51E /* Build configuration list for PBXNativeTarget "TCA-Demo" */;
			buildPhases = (
				4B5EC7482BD655260059E51E /* Sources */,
				4B5EC7492BD655260059E51E /* Frameworks */,
				4B5EC74A2BD655260059E51E /* Resources */,
			);
			buildRules = (
			);
			dependencies = (
			);
			name = "TCA-Demo";
			productName = "TCA-Demo";
			productReference = 4B5EC74C2BD655260059E51E /* TCA-Demo.app */;
			productType = "com.apple.product-type.application";
		};
		4B5EC75B2BD6552A0059E51E /* TCA-DemoTests */ = {
			isa = PBXNativeTarget;
			buildConfigurationList = 4B5EC7732BD6552B0059E51E /* Build configuration list for PBXNativeTarget "TCA-DemoTests" */;
			buildPhases = (
				4B5EC7582BD6552A0059E51E /* Sources */,
				4B5EC7592BD6552A0059E51E /* Frameworks */,
				4B5EC75A2BD6552A0059E51E /* Resources */,
			);
			buildRules = (
			);
			dependencies = (
				4B5EC75E2BD6552A0059E51E /* PBXTargetDependency */,
			);
			name = "TCA-DemoTests";
			productName = "TCA-DemoTests";
			productReference = 4B5EC75C2BD6552A0059E51E /* TCA-DemoTests.xctest */;
			productType = "com.apple.product-type.bundle.unit-test";
		};
		4B5EC7652BD6552B0059E51E /* TCA-DemoUITests */ = {
			isa = PBXNativeTarget;
			buildConfigurationList = 4B5EC7762BD6552B0059E51E /* Build configuration list for PBXNativeTarget "TCA-DemoUITests" */;
			buildPhases = (
				4B5EC7622BD6552B0059E51E /* Sources */,
				4B5EC7632BD6552B0059E51E /* Frameworks */,
				4B5EC7642BD6552B0059E51E /* Resources */,
			);
			buildRules = (
			);
			dependencies = (
				4B5EC7682BD6552B0059E51E /* PBXTargetDependency */,
			);
			name = "TCA-DemoUITests";
			productName = "TCA-DemoUITests";
			productReference = 4B5EC7662BD6552B0059E51E /* TCA-DemoUITests.xctest */;
			productType = "com.apple.product-type.bundle.ui-testing";
		};
/* End PBXNativeTarget section */

/* Begin PBXProject section */
		4B5EC7442BD655260059E51E /* Project object */ = {
			isa = PBXProject;
			attributes = {
				BuildIndependentTargetsInParallel = 1;
				LastSwiftUpdateCheck = 1530;
				LastUpgradeCheck = 1530;
				TargetAttributes = {
					4B5EC74B2BD655260059E51E = {
						CreatedOnToolsVersion = 15.3;
					};
					4B5EC75B2BD6552A0059E51E = {
						CreatedOnToolsVersion = 15.3;
						TestTargetID = 4B5EC74B2BD655260059E51E;
					};
					4B5EC7652BD6552B0059E51E = {
						CreatedOnToolsVersion = 15.3;
						TestTargetID = 4B5EC74B2BD655260059E51E;
					};
				};
			};
			buildConfigurationList = 4B5EC7472BD655260059E51E /* Build configuration list for PBXProject "TCA-Demo" */;
			compatibilityVersion = "Xcode 14.0";
			developmentRegion = en;
			hasScannedForEncodings = 0;
			knownRegions = (
				en,
				Base,
			);
			mainGroup = 4B5EC7432BD655260059E51E;
			packageReferences = (
				4B5EC7792BD655880059E51E /* XCRemoteSwiftPackageReference "swift-composable-architecture" */,
			);
			productRefGroup = 4B5EC74D2BD655260059E51E /* Products */;
			projectDirPath = "";
			projectRoot = "";
			targets = (
				4B5EC74B2BD655260059E51E /* TCA-Demo */,
				4B5EC75B2BD6552A0059E51E /* TCA-DemoTests */,
				4B5EC7652BD6552B0059E51E /* TCA-DemoUITests */,
			);
		};
/* End PBXProject section */

/* Begin PBXResourcesBuildPhase section */
		4B5EC74A2BD655260059E51E /* Resources */ = {
			isa = PBXResourcesBuildPhase;
			buildActionMask = 2147483647;
			files = (
				4B5EC7572BD6552A0059E51E /* Preview Assets.xcassets in Resources */,
				4B5EC7542BD6552A0059E51E /* Assets.xcassets in Resources */,
			);
			runOnlyForDeploymentPostprocessing = 0;
		};
		4B5EC75A2BD6552A0059E51E /* Resources */ = {
			isa = PBXResourcesBuildPhase;
			buildActionMask = 2147483647;
			files = (
			);
			runOnlyForDeploymentPostprocessing = 0;
		};
		4B5EC7642BD6552B0059E51E /* Resources */ = {
			isa = PBXResourcesBuildPhase;
			buildActionMask = 2147483647;
			files = (
			);
			runOnlyForDeploymentPostprocessing = 0;
		};
/* End PBXResourcesBuildPhase section */

/* Begin PBXSourcesBuildPhase section */
		4B5EC7482BD655260059E51E /* Sources */ = {
			isa = PBXSourcesBuildPhase;
			buildActionMask = 2147483647;
			files = (
				4B5EC7522BD655260059E51E /* ContentView.swift in Sources */,
				4B5EC7502BD655260059E51E /* TCA_DemoApp.swift in Sources */,
			);
			runOnlyForDeploymentPostprocessing = 0;
		};
		4B5EC7582BD6552A0059E51E /* Sources */ = {
			isa = PBXSourcesBuildPhase;
			buildActionMask = 2147483647;
			files = (
				4B5EC7612BD6552A0059E51E /* TCA_DemoTests.swift in Sources */,
			);
			runOnlyForDeploymentPostprocessing = 0;
		};
		4B5EC7622BD6552B0059E51E /* Sources */ = {
			isa = PBXSourcesBuildPhase;
			buildActionMask = 2147483647;
			files = (
				4B5EC76D2BD6552B0059E51E /* TCA_DemoUITestsLaunchTests.swift in Sources */,
				4B5EC76B2BD6552B0059E51E /* TCA_DemoUITests.swift in Sources */,
			);
			runOnlyForDeploymentPostprocessing = 0;
		};
/* End PBXSourcesBuildPhase section */

/* Begin PBXTargetDependency section */
		4B5EC75E2BD6552A0059E51E /* PBXTargetDependency */ = {
			isa = PBXTargetDependency;
			target = 4B5EC74B2BD655260059E51E /* TCA-Demo */;
			targetProxy = 4B5EC75D2BD6552A0059E51E /* PBXContainerItemProxy */;
		};
		4B5EC7682BD6552B0059E51E /* PBXTargetDependency */ = {
			isa = PBXTargetDependency;
			target = 4B5EC74B2BD655260059E51E /* TCA-Demo */;
			targetProxy = 4B5EC7672BD6552B0059E51E /* PBXContainerItemProxy */;
		};
/* End PBXTargetDependency section */

/* Begin XCBuildConfiguration section */
		4B5EC76E2BD6552B0059E51E /* Debug */ = {
			isa = XCBuildConfiguration;
			buildSettings = {
				ALWAYS_SEARCH_USER_PATHS = NO;
				ASSETCATALOG_COMPILER_GENERATE_SWIFT_ASSET_SYMBOL_EXTENSIONS = YES;
				CLANG_ANALYZER_NONNULL = YES;
				CLANG_ANALYZER_NUMBER_OBJECT_CONVERSION = YES_AGGRESSIVE;
				CLANG_CXX_LANGUAGE_STANDARD = "gnu++20";
				CLANG_ENABLE_MODULES = YES;
				CLANG_ENABLE_OBJC_ARC = YES;
				CLANG_ENABLE_OBJC_WEAK = YES;
				CLANG_WARN_BLOCK_CAPTURE_AUTORELEASING = YES;
				CLANG_WARN_BOOL_CONVERSION = YES;
				CLANG_WARN_COMMA = YES;
				CLANG_WARN_CONSTANT_CONVERSION = YES;
				CLANG_WARN_DEPRECATED_OBJC_IMPLEMENTATIONS = YES;
				CLANG_WARN_DIRECT_OBJC_ISA_USAGE = YES_ERROR;
				CLANG_WARN_DOCUMENTATION_COMMENTS = YES;
				CLANG_WARN_EMPTY_BODY = YES;
				CLANG_WARN_ENUM_CONVERSION = YES;
				CLANG_WARN_INFINITE_RECURSION = YES;
				CLANG_WARN_INT_CONVERSION = YES;
				CLANG_WARN_NON_LITERAL_NULL_CONVERSION = YES;
				CLANG_WARN_OBJC_IMPLICIT_RETAIN_SELF = YES;
				CLANG_WARN_OBJC_LITERAL_CONVERSION = YES;
				CLANG_WARN_OBJC_ROOT_CLASS = YES_ERROR;
				CLANG_WARN_QUOTED_INCLUDE_IN_FRAMEWORK_HEADER = YES;
				CLANG_WARN_RANGE_LOOP_ANALYSIS = YES;
				CLANG_WARN_STRICT_PROTOTYPES = YES;
				CLANG_WARN_SUSPICIOUS_MOVE = YES;
				CLANG_WARN_UNGUARDED_AVAILABILITY = YES_AGGRESSIVE;
				CLANG_WARN_UNREACHABLE_CODE = YES;
				CLANG_WARN__DUPLICATE_METHOD_MATCH = YES;
				COPY_PHASE_STRIP = NO;
				DEBUG_INFORMATION_FORMAT = dwarf;
				ENABLE_STRICT_OBJC_MSGSEND = YES;
				ENABLE_TESTABILITY = YES;
				ENABLE_USER_SCRIPT_SANDBOXING = YES;
				GCC_C_LANGUAGE_STANDARD = gnu17;
				GCC_DYNAMIC_NO_PIC = NO;
				GCC_NO_COMMON_BLOCKS = YES;
				GCC_OPTIMIZATION_LEVEL = 0;
				GCC_PREPROCESSOR_DEFINITIONS = (
					"DEBUG=1",
					"$(inherited)",
				);
				GCC_WARN_64_TO_32_BIT_CONVERSION = YES;
				GCC_WARN_ABOUT_RETURN_TYPE = YES_ERROR;
				GCC_WARN_UNDECLARED_SELECTOR = YES;
				GCC_WARN_UNINITIALIZED_AUTOS = YES_AGGRESSIVE;
				GCC_WARN_UNUSED_FUNCTION = YES;
				GCC_WARN_UNUSED_VARIABLE = YES;
				IPHONEOS_DEPLOYMENT_TARGET = 17.4;
				LOCALIZATION_PREFERS_STRING_CATALOGS = YES;
				MTL_ENABLE_DEBUG_INFO = INCLUDE_SOURCE;
				MTL_FAST_MATH = YES;
				ONLY_ACTIVE_ARCH = YES;
				SDKROOT = iphoneos;
				SWIFT_ACTIVE_COMPILATION_CONDITIONS = "DEBUG $(inherited)";
				SWIFT_OPTIMIZATION_LEVEL = "-Onone";
			};
			name = Debug;
		};
		4B5EC76F2BD6552B0059E51E /* Release */ = {
			isa = XCBuildConfiguration;
			buildSettings = {
				ALWAYS_SEARCH_USER_PATHS = NO;
				ASSETCATALOG_COMPILER_GENERATE_SWIFT_ASSET_SYMBOL_EXTENSIONS = YES;
				CLANG_ANALYZER_NONNULL = YES;
				CLANG_ANALYZER_NUMBER_OBJECT_CONVERSION = YES_AGGRESSIVE;
				CLANG_CXX_LANGUAGE_STANDARD = "gnu++20";
				CLANG_ENABLE_MODULES = YES;
				CLANG_ENABLE_OBJC_ARC = YES;
				CLANG_ENABLE_OBJC_WEAK = YES;
				CLANG_WARN_BLOCK_CAPTURE_AUTORELEASING = YES;
				CLANG_WARN_BOOL_CONVERSION = YES;
				CLANG_WARN_COMMA = YES;
				CLANG_WARN_CONSTANT_CONVERSION = YES;
				CLANG_WARN_DEPRECATED_OBJC_IMPLEMENTATIONS = YES;
				CLANG_WARN_DIRECT_OBJC_ISA_USAGE = YES_ERROR;
				CLANG_WARN_DOCUMENTATION_COMMENTS = YES;
				CLANG_WARN_EMPTY_BODY = YES;
				CLANG_WARN_ENUM_CONVERSION = YES;
				CLANG_WARN_INFINITE_RECURSION = YES;
				CLANG_WARN_INT_CONVERSION = YES;
				CLANG_WARN_NON_LITERAL_NULL_CONVERSION = YES;
				CLANG_WARN_OBJC_IMPLICIT_RETAIN_SELF = YES;
				CLANG_WARN_OBJC_LITERAL_CONVERSION = YES;
				CLANG_WARN_OBJC_ROOT_CLASS = YES_ERROR;
				CLANG_WARN_QUOTED_INCLUDE_IN_FRAMEWORK_HEADER = YES;
				CLANG_WARN_RANGE_LOOP_ANALYSIS = YES;
				CLANG_WARN_STRICT_PROTOTYPES = YES;
				CLANG_WARN_SUSPICIOUS_MOVE = YES;
				CLANG_WARN_UNGUARDED_AVAILABILITY = YES_AGGRESSIVE;
				CLANG_WARN_UNREACHABLE_CODE = YES;
				CLANG_WARN__DUPLICATE_METHOD_MATCH = YES;
				COPY_PHASE_STRIP = NO;
				DEBUG_INFORMATION_FORMAT = "dwarf-with-dsym";
				ENABLE_NS_ASSERTIONS = NO;
				ENABLE_STRICT_OBJC_MSGSEND = YES;
				ENABLE_USER_SCRIPT_SANDBOXING = YES;
				GCC_C_LANGUAGE_STANDARD = gnu17;
				GCC_NO_COMMON_BLOCKS = YES;
				GCC_WARN_64_TO_32_BIT_CONVERSION = YES;
				GCC_WARN_ABOUT_RETURN_TYPE = YES_ERROR;
				GCC_WARN_UNDECLARED_SELECTOR = YES;
				GCC_WARN_UNINITIALIZED_AUTOS = YES_AGGRESSIVE;
				GCC_WARN_UNUSED_FUNCTION = YES;
				GCC_WARN_UNUSED_VARIABLE = YES;
				IPHONEOS_DEPLOYMENT_TARGET = 17.4;
				LOCALIZATION_PREFERS_STRING_CATALOGS = YES;
				MTL_ENABLE_DEBUG_INFO = NO;
				MTL_FAST_MATH = YES;
				SDKROOT = iphoneos;
				SWIFT_COMPILATION_MODE = wholemodule;
				VALIDATE_PRODUCT = YES;
			};
			name = Release;
		};
		4B5EC7712BD6552B0059E51E /* Debug */ = {
			isa = XCBuildConfiguration;
			buildSettings = {
				ASSETCATALOG_COMPILER_APPICON_NAME = AppIcon;
				ASSETCATALOG_COMPILER_GLOBAL_ACCENT_COLOR_NAME = AccentColor;
				CODE_SIGN_STYLE = Automatic;
				CURRENT_PROJECT_VERSION = 1;
				DEVELOPMENT_ASSET_PATHS = "\"TCA-Demo/Preview Content\"";
				DEVELOPMENT_TEAM = 694FHN4V7Q;
				ENABLE_PREVIEWS = YES;
				GENERATE_INFOPLIST_FILE = YES;
				INFOPLIST_KEY_UIApplicationSceneManifest_Generation = YES;
				INFOPLIST_KEY_UIApplicationSupportsIndirectInputEvents = YES;
				INFOPLIST_KEY_UILaunchScreen_Generation = YES;
				INFOPLIST_KEY_UISupportedInterfaceOrientations_iPad = "UIInterfaceOrientationPortrait UIInterfaceOrientationPortraitUpsideDown UIInterfaceOrientationLandscapeLeft UIInterfaceOrientationLandscapeRight";
				INFOPLIST_KEY_UISupportedInterfaceOrientations_iPhone = "UIInterfaceOrientationPortrait UIInterfaceOrientationLandscapeLeft UIInterfaceOrientationLandscapeRight";
				LD_RUNPATH_SEARCH_PATHS = (
					"$(inherited)",
					"@executable_path/Frameworks",
				);
				MARKETING_VERSION = 1.0;
				PRODUCT_BUNDLE_IDENTIFIER = "com.Ramadan.TCA-Demo";
				PRODUCT_NAME = "$(TARGET_NAME)";
				SWIFT_EMIT_LOC_STRINGS = YES;
				SWIFT_VERSION = 5.0;
				TARGETED_DEVICE_FAMILY = "1,2";
			};
			name = Debug;
		};
		4B5EC7722BD6552B0059E51E /* Release */ = {
			isa = XCBuildConfiguration;
			buildSettings = {
				ASSETCATALOG_COMPILER_APPICON_NAME = AppIcon;
				ASSETCATALOG_COMPILER_GLOBAL_ACCENT_COLOR_NAME = AccentColor;
				CODE_SIGN_STYLE = Automatic;
				CURRENT_PROJECT_VERSION = 1;
				DEVELOPMENT_ASSET_PATHS = "\"TCA-Demo/Preview Content\"";
				DEVELOPMENT_TEAM = 694FHN4V7Q;
				ENABLE_PREVIEWS = YES;
				GENERATE_INFOPLIST_FILE = YES;
				INFOPLIST_KEY_UIApplicationSceneManifest_Generation = YES;
				INFOPLIST_KEY_UIApplicationSupportsIndirectInputEvents = YES;
				INFOPLIST_KEY_UILaunchScreen_Generation = YES;
				INFOPLIST_KEY_UISupportedInterfaceOrientations_iPad = "UIInterfaceOrientationPortrait UIInterfaceOrientationPortraitUpsideDown UIInterfaceOrientationLandscapeLeft UIInterfaceOrientationLandscapeRight";
				INFOPLIST_KEY_UISupportedInterfaceOrientations_iPhone = "UIInterfaceOrientationPortrait UIInterfaceOrientationLandscapeLeft UIInterfaceOrientationLandscapeRight";
				LD_RUNPATH_SEARCH_PATHS = (
					"$(inherited)",
					"@executable_path/Frameworks",
				);
				MARKETING_VERSION = 1.0;
				PRODUCT_BUNDLE_IDENTIFIER = "com.Ramadan.TCA-Demo";
				PRODUCT_NAME = "$(TARGET_NAME)";
				SWIFT_EMIT_LOC_STRINGS = YES;
				SWIFT_VERSION = 5.0;
				TARGETED_DEVICE_FAMILY = "1,2";
			};
			name = Release;
		};
		4B5EC7742BD6552B0059E51E /* Debug */ = {
			isa = XCBuildConfiguration;
			buildSettings = {
				ALWAYS_EMBED_SWIFT_STANDARD_LIBRARIES = YES;
				BUNDLE_LOADER = "$(TEST_HOST)";
				CODE_SIGN_STYLE = Automatic;
				CURRENT_PROJECT_VERSION = 1;
				DEVELOPMENT_TEAM = 694FHN4V7Q;
				GENERATE_INFOPLIST_FILE = YES;
				IPHONEOS_DEPLOYMENT_TARGET = 17.4;
				MARKETING_VERSION = 1.0;
				PRODUCT_BUNDLE_IDENTIFIER = "com.Ramadan.TCA-DemoTests";
				PRODUCT_NAME = "$(TARGET_NAME)";
				SWIFT_EMIT_LOC_STRINGS = NO;
				SWIFT_VERSION = 5.0;
				TARGETED_DEVICE_FAMILY = "1,2";
				TEST_HOST = "$(BUILT_PRODUCTS_DIR)/TCA-Demo.app/$(BUNDLE_EXECUTABLE_FOLDER_PATH)/TCA-Demo";
			};
			name = Debug;
		};
		4B5EC7752BD6552B0059E51E /* Release */ = {
			isa = XCBuildConfiguration;
			buildSettings = {
				ALWAYS_EMBED_SWIFT_STANDARD_LIBRARIES = YES;
				BUNDLE_LOADER = "$(TEST_HOST)";
				CODE_SIGN_STYLE = Automatic;
				CURRENT_PROJECT_VERSION = 1;
				DEVELOPMENT_TEAM = 694FHN4V7Q;
				GENERATE_INFOPLIST_FILE = YES;
				IPHONEOS_DEPLOYMENT_TARGET = 17.4;
				MARKETING_VERSION = 1.0;
				PRODUCT_BUNDLE_IDENTIFIER = "com.Ramadan.TCA-DemoTests";
				PRODUCT_NAME = "$(TARGET_NAME)";
				SWIFT_EMIT_LOC_STRINGS = NO;
				SWIFT_VERSION = 5.0;
				TARGETED_DEVICE_FAMILY = "1,2";
				TEST_HOST = "$(BUILT_PRODUCTS_DIR)/TCA-Demo.app/$(BUNDLE_EXECUTABLE_FOLDER_PATH)/TCA-Demo";
			};
			name = Release;
		};
		4B5EC7772BD6552B0059E51E /* Debug */ = {
			isa = XCBuildConfiguration;
			buildSettings = {
				ALWAYS_EMBED_SWIFT_STANDARD_LIBRARIES = YES;
				CODE_SIGN_STYLE = Automatic;
				CURRENT_PROJECT_VERSION = 1;
				DEVELOPMENT_TEAM = 694FHN4V7Q;
				GENERATE_INFOPLIST_FILE = YES;
				MARKETING_VERSION = 1.0;
				PRODUCT_BUNDLE_IDENTIFIER = "com.Ramadan.TCA-DemoUITests";
				PRODUCT_NAME = "$(TARGET_NAME)";
				SWIFT_EMIT_LOC_STRINGS = NO;
				SWIFT_VERSION = 5.0;
				TARGETED_DEVICE_FAMILY = "1,2";
				TEST_TARGET_NAME = "TCA-Demo";
			};
			name = Debug;
		};
		4B5EC7782BD6552B0059E51E /* Release */ = {
			isa = XCBuildConfiguration;
			buildSettings = {
				ALWAYS_EMBED_SWIFT_STANDARD_LIBRARIES = YES;
				CODE_SIGN_STYLE = Automatic;
				CURRENT_PROJECT_VERSION = 1;
				DEVELOPMENT_TEAM = 694FHN4V7Q;
				GENERATE_INFOPLIST_FILE = YES;
				MARKETING_VERSION = 1.0;
				PRODUCT_BUNDLE_IDENTIFIER = "com.Ramadan.TCA-DemoUITests";
				PRODUCT_NAME = "$(TARGET_NAME)";
				SWIFT_EMIT_LOC_STRINGS = NO;
				SWIFT_VERSION = 5.0;
				TARGETED_DEVICE_FAMILY = "1,2";
				TEST_TARGET_NAME = "TCA-Demo";
			};
			name = Release;
		};
/* End XCBuildConfiguration section */

/* Begin XCConfigurationList section */
		4B5EC7472BD655260059E51E /* Build configuration list for PBXProject "TCA-Demo" */ = {
			isa = XCConfigurationList;
			buildConfigurations = (
				4B5EC76E2BD6552B0059E51E /* Debug */,
				4B5EC76F2BD6552B0059E51E /* Release */,
			);
			defaultConfigurationIsVisible = 0;
			defaultConfigurationName = Release;
		};
		4B5EC7702BD6552B0059E51E /* Build configuration list for PBXNativeTarget "TCA-Demo" */ = {
			isa = XCConfigurationList;
			buildConfigurations = (
				4B5EC7712BD6552B0059E51E /* Debug */,
				4B5EC7722BD6552B0059E51E /* Release */,
			);
			defaultConfigurationIsVisible = 0;
			defaultConfigurationName = Release;
		};
		4B5EC7732BD6552B0059E51E /* Build configuration list for PBXNativeTarget "TCA-DemoTests" */ = {
			isa = XCConfigurationList;
			buildConfigurations = (
				4B5EC7742BD6552B0059E51E /* Debug */,
				4B5EC7752BD6552B0059E51E /* Release */,
			);
			defaultConfigurationIsVisible = 0;
			defaultConfigurationName = Release;
		};
		4B5EC7762BD6552B0059E51E /* Build configuration list for PBXNativeTarget "TCA-DemoUITests" */ = {
			isa = XCConfigurationList;
			buildConfigurations = (
				4B5EC7772BD6552B0059E51E /* Debug */,
				4B5EC7782BD6552B0059E51E /* Release */,
			);
			defaultConfigurationIsVisible = 0;
			defaultConfigurationName = Release;
		};
/* End XCConfigurationList section */

/* Begin XCRemoteSwiftPackageReference section */
		4B5EC7792BD655880059E51E /* XCRemoteSwiftPackageReference "swift-composable-architecture" */ = {
			isa = XCRemoteSwiftPackageReference;
			repositoryURL = "https://github.com/pointfreeco/swift-composable-architecture";
			requirement = {
				kind = upToNextMajorVersion;
				minimumVersion = 1.9.3;
			};
		};
/* End XCRemoteSwiftPackageReference section */
	};
	rootObject = 4B5EC7442BD655260059E51E /* Project object */;
}
